// !$*UTF8*$!
{
	archiveVersion = 1;
	classes = {
	};
	objectVersion = 55;
	objects = {

/* Begin PBXBuildFile section */
		4389935827A276D9000C1488 /* BaseViewController.m in Sources */ = {isa = PBXBuildFile; fileRef = 438992EC27A276D8000C1488 /* BaseViewController.m */; };
		4389935927A276D9000C1488 /* BaseNavigationController.m in Sources */ = {isa = PBXBuildFile; fileRef = 438992EE27A276D8000C1488 /* BaseNavigationController.m */; };
		4389935A27A276D9000C1488 /* CameraManage.m in Sources */ = {isa = PBXBuildFile; fileRef = 438992EF27A276D8000C1488 /* CameraManage.m */; };
		4389935B27A276D9000C1488 /* HealthKitManage.m in Sources */ = {isa = PBXBuildFile; fileRef = 438992F027A276D8000C1488 /* HealthKitManage.m */; };
		4389935C27A276D9000C1488 /* BaseTabBarController.m in Sources */ = {isa = PBXBuildFile; fileRef = 438992F227A276D8000C1488 /* BaseTabBarController.m */; };
		4389938727A27860000C1488 /* SCUtil.m in Sources */ = {isa = PBXBuildFile; fileRef = 4389938627A27860000C1488 /* SCUtil.m */; };
		4389939027A27905000C1488 /* MCPieChartView.m in Sources */ = {isa = PBXBuildFile; fileRef = 4389938827A27904000C1488 /* MCPieChartView.m */; };
		4389939127A27905000C1488 /* SplitMasonry.m in Sources */ = {isa = PBXBuildFile; fileRef = 4389938A27A27905000C1488 /* SplitMasonry.m */; };
		4389939227A27905000C1488 /* MBProgressHUD+SCProgressHUD.m in Sources */ = {isa = PBXBuildFile; fileRef = 4389938C27A27905000C1488 /* MBProgressHUD+SCProgressHUD.m */; };
		4389939327A27905000C1488 /* UIBarButtonItem+SCBarButtonItem.m in Sources */ = {isa = PBXBuildFile; fileRef = 4389938E27A27905000C1488 /* UIBarButtonItem+SCBarButtonItem.m */; };
		43975F2D27A26A77007EB47B /* AppDelegate.m in Sources */ = {isa = PBXBuildFile; fileRef = 43975F2C27A26A77007EB47B /* AppDelegate.m */; };
		43975F3627A26A77007EB47B /* Main.storyboard in Resources */ = {isa = PBXBuildFile; fileRef = 43975F3427A26A77007EB47B /* Main.storyboard */; };
		43975F3827A26A79007EB47B /* Assets.xcassets in Resources */ = {isa = PBXBuildFile; fileRef = 43975F3727A26A79007EB47B /* Assets.xcassets */; };
		43975F3B27A26A79007EB47B /* LaunchScreen.storyboard in Resources */ = {isa = PBXBuildFile; fileRef = 43975F3927A26A79007EB47B /* LaunchScreen.storyboard */; };
		43975F3E27A26A79007EB47B /* main.m in Sources */ = {isa = PBXBuildFile; fileRef = 43975F3D27A26A79007EB47B /* main.m */; };
		43D1AB9727A27CBC00AAEDF0 /* CheeseViewController.m in Sources */ = {isa = PBXBuildFile; fileRef = 43D1AB9627A27CBC00AAEDF0 /* CheeseViewController.m */; };
		43D1AB9A27A27CCB00AAEDF0 /* CreamViewController.m in Sources */ = {isa = PBXBuildFile; fileRef = 43D1AB9927A27CCB00AAEDF0 /* CreamViewController.m */; };
		43D1AB9D27A27CD900AAEDF0 /* MyViewController.m in Sources */ = {isa = PBXBuildFile; fileRef = 43D1AB9C27A27CD900AAEDF0 /* MyViewController.m */; };
		43D1ABA027A27CE300AAEDF0 /* LoginViewController.m in Sources */ = {isa = PBXBuildFile; fileRef = 43D1AB9F27A27CE300AAEDF0 /* LoginViewController.m */; };
		8676A177E9F079D7E9D6C267 /* Pods_SCLLJ.framework in Frameworks */ = {isa = PBXBuildFile; fileRef = FE88A8C2FEA2CFC23EB3A5DC /* Pods_SCLLJ.framework */; };
/* End PBXBuildFile section */

/* Begin PBXFileReference section */
		438992EB27A276D8000C1488 /* HealthKitManage.h */ = {isa = PBXFileReference; fileEncoding = 4; lastKnownFileType = sourcecode.c.h; path = HealthKitManage.h; sourceTree = "<group>"; };
		438992EC27A276D8000C1488 /* BaseViewController.m */ = {isa = PBXFileReference; fileEncoding = 4; lastKnownFileType = sourcecode.c.objc; path = BaseViewController.m; sourceTree = "<group>"; };
		438992ED27A276D8000C1488 /* BaseTabBarController.h */ = {isa = PBXFileReference; fileEncoding = 4; lastKnownFileType = sourcecode.c.h; path = BaseTabBarController.h; sourceTree = "<group>"; };
		438992EE27A276D8000C1488 /* BaseNavigationController.m */ = {isa = PBXFileReference; fileEncoding = 4; lastKnownFileType = sourcecode.c.objc; path = BaseNavigationController.m; sourceTree = "<group>"; };
		438992EF27A276D8000C1488 /* CameraManage.m */ = {isa = PBXFileReference; fileEncoding = 4; lastKnownFileType = sourcecode.c.objc; path = CameraManage.m; sourceTree = "<group>"; };
		438992F027A276D8000C1488 /* HealthKitManage.m */ = {isa = PBXFileReference; fileEncoding = 4; lastKnownFileType = sourcecode.c.objc; path = HealthKitManage.m; sourceTree = "<group>"; };
		438992F127A276D8000C1488 /* BaseNavigationController.h */ = {isa = PBXFileReference; fileEncoding = 4; lastKnownFileType = sourcecode.c.h; path = BaseNavigationController.h; sourceTree = "<group>"; };
		438992F227A276D8000C1488 /* BaseTabBarController.m */ = {isa = PBXFileReference; fileEncoding = 4; lastKnownFileType = sourcecode.c.objc; path = BaseTabBarController.m; sourceTree = "<group>"; };
		438992F327A276D8000C1488 /* BaseViewController.h */ = {isa = PBXFileReference; fileEncoding = 4; lastKnownFileType = sourcecode.c.h; path = BaseViewController.h; sourceTree = "<group>"; };
		438992F427A276D8000C1488 /* CameraManage.h */ = {isa = PBXFileReference; fileEncoding = 4; lastKnownFileType = sourcecode.c.h; path = CameraManage.h; sourceTree = "<group>"; };
		4389938427A27784000C1488 /* Prefix.pch */ = {isa = PBXFileReference; lastKnownFileType = sourcecode.c.h; path = Prefix.pch; sourceTree = "<group>"; };
		4389938527A27860000C1488 /* SCUtil.h */ = {isa = PBXFileReference; lastKnownFileType = sourcecode.c.h; path = SCUtil.h; sourceTree = "<group>"; };
		4389938627A27860000C1488 /* SCUtil.m */ = {isa = PBXFileReference; lastKnownFileType = sourcecode.c.objc; path = SCUtil.m; sourceTree = "<group>"; };
		4389938827A27904000C1488 /* MCPieChartView.m */ = {isa = PBXFileReference; fileEncoding = 4; lastKnownFileType = sourcecode.c.objc; path = MCPieChartView.m; sourceTree = "<group>"; };
		4389938927A27904000C1488 /* MBProgressHUD+SCProgressHUD.h */ = {isa = PBXFileReference; fileEncoding = 4; lastKnownFileType = sourcecode.c.h; path = "MBProgressHUD+SCProgressHUD.h"; sourceTree = "<group>"; };
		4389938A27A27905000C1488 /* SplitMasonry.m */ = {isa = PBXFileReference; fileEncoding = 4; lastKnownFileType = sourcecode.c.objc; path = SplitMasonry.m; sourceTree = "<group>"; };
		4389938B27A27905000C1488 /* UIBarButtonItem+SCBarButtonItem.h */ = {isa = PBXFileReference; fileEncoding = 4; lastKnownFileType = sourcecode.c.h; path = "UIBarButtonItem+SCBarButtonItem.h"; sourceTree = "<group>"; };
		4389938C27A27905000C1488 /* MBProgressHUD+SCProgressHUD.m */ = {isa = PBXFileReference; fileEncoding = 4; lastKnownFileType = sourcecode.c.objc; path = "MBProgressHUD+SCProgressHUD.m"; sourceTree = "<group>"; };
		4389938D27A27905000C1488 /* MCPieChartView.h */ = {isa = PBXFileReference; fileEncoding = 4; lastKnownFileType = sourcecode.c.h; path = MCPieChartView.h; sourceTree = "<group>"; };
		4389938E27A27905000C1488 /* UIBarButtonItem+SCBarButtonItem.m */ = {isa = PBXFileReference; fileEncoding = 4; lastKnownFileType = sourcecode.c.objc; path = "UIBarButtonItem+SCBarButtonItem.m"; sourceTree = "<group>"; };
		4389938F27A27905000C1488 /* SplitMasonry.h */ = {isa = PBXFileReference; fileEncoding = 4; lastKnownFileType = sourcecode.c.h; path = SplitMasonry.h; sourceTree = "<group>"; };
		43975F2827A26A77007EB47B /* SCLLJ.app */ = {isa = PBXFileReference; explicitFileType = wrapper.application; includeInIndex = 0; path = SCLLJ.app; sourceTree = BUILT_PRODUCTS_DIR; };
		43975F2B27A26A77007EB47B /* AppDelegate.h */ = {isa = PBXFileReference; lastKnownFileType = sourcecode.c.h; path = AppDelegate.h; sourceTree = "<group>"; };
		43975F2C27A26A77007EB47B /* AppDelegate.m */ = {isa = PBXFileReference; lastKnownFileType = sourcecode.c.objc; path = AppDelegate.m; sourceTree = "<group>"; };
		43975F3527A26A77007EB47B /* Base */ = {isa = PBXFileReference; lastKnownFileType = file.storyboard; name = Base; path = Base.lproj/Main.storyboard; sourceTree = "<group>"; };
		43975F3727A26A79007EB47B /* Assets.xcassets */ = {isa = PBXFileReference; lastKnownFileType = folder.assetcatalog; path = Assets.xcassets; sourceTree = "<group>"; };
		43975F3A27A26A79007EB47B /* Base */ = {isa = PBXFileReference; lastKnownFileType = file.storyboard; name = Base; path = Base.lproj/LaunchScreen.storyboard; sourceTree = "<group>"; };
		43975F3C27A26A79007EB47B /* Info.plist */ = {isa = PBXFileReference; lastKnownFileType = text.plist.xml; path = Info.plist; sourceTree = "<group>"; };
		43975F3D27A26A79007EB47B /* main.m */ = {isa = PBXFileReference; lastKnownFileType = sourcecode.c.objc; path = main.m; sourceTree = "<group>"; };
		43D1AB9527A27CBC00AAEDF0 /* CheeseViewController.h */ = {isa = PBXFileReference; lastKnownFileType = sourcecode.c.h; path = CheeseViewController.h; sourceTree = "<group>"; };
		43D1AB9627A27CBC00AAEDF0 /* CheeseViewController.m */ = {isa = PBXFileReference; lastKnownFileType = sourcecode.c.objc; path = CheeseViewController.m; sourceTree = "<group>"; };
		43D1AB9827A27CCB00AAEDF0 /* CreamViewController.h */ = {isa = PBXFileReference; lastKnownFileType = sourcecode.c.h; path = CreamViewController.h; sourceTree = "<group>"; };
		43D1AB9927A27CCB00AAEDF0 /* CreamViewController.m */ = {isa = PBXFileReference; lastKnownFileType = sourcecode.c.objc; path = CreamViewController.m; sourceTree = "<group>"; };
		43D1AB9B27A27CD900AAEDF0 /* MyViewController.h */ = {isa = PBXFileReference; lastKnownFileType = sourcecode.c.h; path = MyViewController.h; sourceTree = "<group>"; };
		43D1AB9C27A27CD900AAEDF0 /* MyViewController.m */ = {isa = PBXFileReference; lastKnownFileType = sourcecode.c.objc; path = MyViewController.m; sourceTree = "<group>"; };
		43D1AB9E27A27CE300AAEDF0 /* LoginViewController.h */ = {isa = PBXFileReference; lastKnownFileType = sourcecode.c.h; path = LoginViewController.h; sourceTree = "<group>"; };
		43D1AB9F27A27CE300AAEDF0 /* LoginViewController.m */ = {isa = PBXFileReference; lastKnownFileType = sourcecode.c.objc; path = LoginViewController.m; sourceTree = "<group>"; };
		D311532739C9B99F4DAB2948 /* Pods-SCLLJ.debug.xcconfig */ = {isa = PBXFileReference; includeInIndex = 1; lastKnownFileType = text.xcconfig; name = "Pods-SCLLJ.debug.xcconfig"; path = "Target Support Files/Pods-SCLLJ/Pods-SCLLJ.debug.xcconfig"; sourceTree = "<group>"; };
		FCA303A6D174376F06028EF9 /* Pods-SCLLJ.release.xcconfig */ = {isa = PBXFileReference; includeInIndex = 1; lastKnownFileType = text.xcconfig; name = "Pods-SCLLJ.release.xcconfig"; path = "Target Support Files/Pods-SCLLJ/Pods-SCLLJ.release.xcconfig"; sourceTree = "<group>"; };
		FE88A8C2FEA2CFC23EB3A5DC /* Pods_SCLLJ.framework */ = {isa = PBXFileReference; explicitFileType = wrapper.framework; includeInIndex = 0; path = Pods_SCLLJ.framework; sourceTree = BUILT_PRODUCTS_DIR; };
/* End PBXFileReference section */

/* Begin PBXFrameworksBuildPhase section */
		43975F2527A26A77007EB47B /* Frameworks */ = {
			isa = PBXFrameworksBuildPhase;
			buildActionMask = 2147483647;
			files = (
				8676A177E9F079D7E9D6C267 /* Pods_SCLLJ.framework in Frameworks */,
			);
			runOnlyForDeploymentPostprocessing = 0;
		};
/* End PBXFrameworksBuildPhase section */

/* Begin PBXGroup section */
		438992BE27A276D8000C1488 /* Util */ = {
			isa = PBXGroup;
			children = (
				4389938527A27860000C1488 /* SCUtil.h */,
				4389938627A27860000C1488 /* SCUtil.m */,
				4389938F27A27905000C1488 /* SplitMasonry.h */,
				4389938A27A27905000C1488 /* SplitMasonry.m */,
				4389938D27A27905000C1488 /* MCPieChartView.h */,
				4389938827A27904000C1488 /* MCPieChartView.m */,
				4389938927A27904000C1488 /* MBProgressHUD+SCProgressHUD.h */,
				4389938C27A27905000C1488 /* MBProgressHUD+SCProgressHUD.m */,
				4389938B27A27905000C1488 /* UIBarButtonItem+SCBarButtonItem.h */,
				4389938E27A27905000C1488 /* UIBarButtonItem+SCBarButtonItem.m */,
			);
			path = Util;
			sourceTree = "<group>";
		};
		438992C327A276D8000C1488 /* ThirdParty */ = {
			isa = PBXGroup;
			children = (
			);
			path = ThirdParty;
			sourceTree = "<group>";
		};
		438992EA27A276D8000C1488 /* Base */ = {
			isa = PBXGroup;
			children = (
				438992F427A276D8000C1488 /* CameraManage.h */,
				438992EF27A276D8000C1488 /* CameraManage.m */,
				438992EB27A276D8000C1488 /* HealthKitManage.h */,
				438992F027A276D8000C1488 /* HealthKitManage.m */,
				438992F327A276D8000C1488 /* BaseViewController.h */,
				438992EC27A276D8000C1488 /* BaseViewController.m */,
				438992ED27A276D8000C1488 /* BaseTabBarController.h */,
				438992F227A276D8000C1488 /* BaseTabBarController.m */,
				438992F127A276D8000C1488 /* BaseNavigationController.h */,
				438992EE27A276D8000C1488 /* BaseNavigationController.m */,
			);
			path = Base;
			sourceTree = "<group>";
		};
		438992F527A276D8000C1488 /* Modules */ = {
			isa = PBXGroup;
			children = (
				4389933627A276D9000C1488 /* Login */,
				4389930A27A276D8000C1488 /* Cheese */,
				4389939427A27A4D000C1488 /* Cream */,
				4389931527A276D9000C1488 /* My */,
			);
			path = Modules;
			sourceTree = "<group>";
		};
		4389930A27A276D8000C1488 /* Cheese */ = {
			isa = PBXGroup;
			children = (
				4389930B27A276D9000C1488 /* Controller */,
				4389930F27A276D9000C1488 /* View */,
			);
			path = Cheese;
			sourceTree = "<group>";
		};
		4389930B27A276D9000C1488 /* Controller */ = {
			isa = PBXGroup;
			children = (
				43D1AB9527A27CBC00AAEDF0 /* CheeseViewController.h */,
				43D1AB9627A27CBC00AAEDF0 /* CheeseViewController.m */,
			);
			path = Controller;
			sourceTree = "<group>";
		};
		4389930F27A276D9000C1488 /* View */ = {
			isa = PBXGroup;
			children = (
			);
			path = View;
			sourceTree = "<group>";
		};
		4389931527A276D9000C1488 /* My */ = {
			isa = PBXGroup;
			children = (
				4389931627A276D9000C1488 /* Controller */,
				4389932C27A276D9000C1488 /* View */,
			);
			path = My;
			sourceTree = "<group>";
		};
		4389931627A276D9000C1488 /* Controller */ = {
			isa = PBXGroup;
			children = (
				43D1AB9B27A27CD900AAEDF0 /* MyViewController.h */,
				43D1AB9C27A27CD900AAEDF0 /* MyViewController.m */,
			);
			path = Controller;
			sourceTree = "<group>";
		};
		4389932C27A276D9000C1488 /* View */ = {
			isa = PBXGroup;
			children = (
			);
			path = View;
			sourceTree = "<group>";
		};
		4389933627A276D9000C1488 /* Login */ = {
			isa = PBXGroup;
			children = (
				4389939727A27A72000C1488 /* Controller */,
				4389939827A27A78000C1488 /* View */,
			);
			path = Login;
			sourceTree = "<group>";
		};
		4389939427A27A4D000C1488 /* Cream */ = {
			isa = PBXGroup;
			children = (
				4389939527A27A5C000C1488 /* Controller */,
				4389939627A27A64000C1488 /* View */,
			);
			path = Cream;
			sourceTree = "<group>";
		};
		4389939527A27A5C000C1488 /* Controller */ = {
			isa = PBXGroup;
			children = (
				43D1AB9827A27CCB00AAEDF0 /* CreamViewController.h */,
				43D1AB9927A27CCB00AAEDF0 /* CreamViewController.m */,
			);
			path = Controller;
			sourceTree = "<group>";
		};
		4389939627A27A64000C1488 /* View */ = {
			isa = PBXGroup;
			children = (
			);
			path = View;
			sourceTree = "<group>";
		};
		4389939727A27A72000C1488 /* Controller */ = {
			isa = PBXGroup;
			children = (
				43D1AB9E27A27CE300AAEDF0 /* LoginViewController.h */,
				43D1AB9F27A27CE300AAEDF0 /* LoginViewController.m */,
			);
			path = Controller;
			sourceTree = "<group>";
		};
		4389939827A27A78000C1488 /* View */ = {
			isa = PBXGroup;
			children = (
			);
			path = View;
			sourceTree = "<group>";
		};
		43975F1F27A26A77007EB47B = {
			isa = PBXGroup;
			children = (
				43975F2A27A26A77007EB47B /* SCLLJ */,
				43975F2927A26A77007EB47B /* Products */,
				48CA78A3BBC96558E3BBEF9E /* Pods */,
				4B3A854F3EECAF890DE1E694 /* Frameworks */,
			);
			sourceTree = "<group>";
		};
		43975F2927A26A77007EB47B /* Products */ = {
			isa = PBXGroup;
			children = (
				43975F2827A26A77007EB47B /* SCLLJ.app */,
			);
			name = Products;
			sourceTree = "<group>";
		};
		43975F2A27A26A77007EB47B /* SCLLJ */ = {
			isa = PBXGroup;
			children = (
				43975F2B27A26A77007EB47B /* AppDelegate.h */,
				43975F2C27A26A77007EB47B /* AppDelegate.m */,
				4389938427A27784000C1488 /* Prefix.pch */,
				438992BE27A276D8000C1488 /* Util */,
				438992EA27A276D8000C1488 /* Base */,
				438992C327A276D8000C1488 /* ThirdParty */,
				438992F527A276D8000C1488 /* Modules */,
				43975F3427A26A77007EB47B /* Main.storyboard */,
				43975F3727A26A79007EB47B /* Assets.xcassets */,
				43975F3927A26A79007EB47B /* LaunchScreen.storyboard */,
				43975F3C27A26A79007EB47B /* Info.plist */,
				43975F3D27A26A79007EB47B /* main.m */,
			);
			path = SCLLJ;
			sourceTree = "<group>";
		};
		48CA78A3BBC96558E3BBEF9E /* Pods */ = {
			isa = PBXGroup;
			children = (
				D311532739C9B99F4DAB2948 /* Pods-SCLLJ.debug.xcconfig */,
				FCA303A6D174376F06028EF9 /* Pods-SCLLJ.release.xcconfig */,
			);
			path = Pods;
			sourceTree = "<group>";
		};
		4B3A854F3EECAF890DE1E694 /* Frameworks */ = {
			isa = PBXGroup;
			children = (
				FE88A8C2FEA2CFC23EB3A5DC /* Pods_SCLLJ.framework */,
			);
			name = Frameworks;
			sourceTree = "<group>";
		};
/* End PBXGroup section */

/* Begin PBXNativeTarget section */
		43975F2727A26A77007EB47B /* SCLLJ */ = {
			isa = PBXNativeTarget;
			buildConfigurationList = 43975F4127A26A79007EB47B /* Build configuration list for PBXNativeTarget "SCLLJ" */;
			buildPhases = (
				6E2D30FEBBB77A9A24B71E12 /* [CP] Check Pods Manifest.lock */,
				43975F2427A26A77007EB47B /* Sources */,
				43975F2527A26A77007EB47B /* Frameworks */,
				43975F2627A26A77007EB47B /* Resources */,
				C82580FEB8EC9F8BA6D15E11 /* [CP] Embed Pods Frameworks */,
			);
			buildRules = (
			);
			dependencies = (
			);
			name = SCLLJ;
			productName = SCLLJ;
			productReference = 43975F2827A26A77007EB47B /* SCLLJ.app */;
			productType = "com.apple.product-type.application";
		};
/* End PBXNativeTarget section */

/* Begin PBXProject section */
		43975F2027A26A77007EB47B /* Project object */ = {
			isa = PBXProject;
			attributes = {
				BuildIndependentTargetsInParallel = 1;
				LastUpgradeCheck = 1320;
				TargetAttributes = {
					43975F2727A26A77007EB47B = {
						CreatedOnToolsVersion = 13.2.1;
					};
				};
			};
			buildConfigurationList = 43975F2327A26A77007EB47B /* Build configuration list for PBXProject "SCLLJ" */;
			compatibilityVersion = "Xcode 13.0";
			developmentRegion = en;
			hasScannedForEncodings = 0;
			knownRegions = (
				en,
				Base,
			);
			mainGroup = 43975F1F27A26A77007EB47B;
			productRefGroup = 43975F2927A26A77007EB47B /* Products */;
			projectDirPath = "";
			projectRoot = "";
			targets = (
				43975F2727A26A77007EB47B /* SCLLJ */,
			);
		};
/* End PBXProject section */

/* Begin PBXResourcesBuildPhase section */
		43975F2627A26A77007EB47B /* Resources */ = {
			isa = PBXResourcesBuildPhase;
			buildActionMask = 2147483647;
			files = (
				43975F3B27A26A79007EB47B /* LaunchScreen.storyboard in Resources */,
				43975F3827A26A79007EB47B /* Assets.xcassets in Resources */,
				43975F3627A26A77007EB47B /* Main.storyboard in Resources */,
			);
			runOnlyForDeploymentPostprocessing = 0;
		};
/* End PBXResourcesBuildPhase section */

/* Begin PBXShellScriptBuildPhase section */
		6E2D30FEBBB77A9A24B71E12 /* [CP] Check Pods Manifest.lock */ = {
			isa = PBXShellScriptBuildPhase;
			buildActionMask = 2147483647;
			files = (
			);
			inputFileListPaths = (
			);
			inputPaths = (
				"${PODS_PODFILE_DIR_PATH}/Podfile.lock",
				"${PODS_ROOT}/Manifest.lock",
			);
			name = "[CP] Check Pods Manifest.lock";
			outputFileListPaths = (
			);
			outputPaths = (
				"$(DERIVED_FILE_DIR)/Pods-SCLLJ-checkManifestLockResult.txt",
			);
			runOnlyForDeploymentPostprocessing = 0;
			shellPath = /bin/sh;
			shellScript = "diff \"${PODS_PODFILE_DIR_PATH}/Podfile.lock\" \"${PODS_ROOT}/Manifest.lock\" > /dev/null\nif [ $? != 0 ] ; then\n    # print error to STDERR\n    echo \"error: The sandbox is not in sync with the Podfile.lock. Run 'pod install' or update your CocoaPods installation.\" >&2\n    exit 1\nfi\n# This output is used by Xcode 'outputs' to avoid re-running this script phase.\necho \"SUCCESS\" > \"${SCRIPT_OUTPUT_FILE_0}\"\n";
			showEnvVarsInLog = 0;
		};
		C82580FEB8EC9F8BA6D15E11 /* [CP] Embed Pods Frameworks */ = {
			isa = PBXShellScriptBuildPhase;
			buildActionMask = 2147483647;
			files = (
			);
			inputFileListPaths = (
				"${PODS_ROOT}/Target Support Files/Pods-SCLLJ/Pods-SCLLJ-frameworks-${CONFIGURATION}-input-files.xcfilelist",
			);
			name = "[CP] Embed Pods Frameworks";
			outputFileListPaths = (
				"${PODS_ROOT}/Target Support Files/Pods-SCLLJ/Pods-SCLLJ-frameworks-${CONFIGURATION}-output-files.xcfilelist",
			);
			runOnlyForDeploymentPostprocessing = 0;
			shellPath = /bin/sh;
			shellScript = "\"${PODS_ROOT}/Target Support Files/Pods-SCLLJ/Pods-SCLLJ-frameworks.sh\"\n";
			showEnvVarsInLog = 0;
		};
/* End PBXShellScriptBuildPhase section */

/* Begin PBXSourcesBuildPhase section */
		43975F2427A26A77007EB47B /* Sources */ = {
			isa = PBXSourcesBuildPhase;
			buildActionMask = 2147483647;
			files = (
				43975F2D27A26A77007EB47B /* AppDelegate.m in Sources */,
				4389939027A27905000C1488 /* MCPieChartView.m in Sources */,
				4389935C27A276D9000C1488 /* BaseTabBarController.m in Sources */,
				43D1AB9727A27CBC00AAEDF0 /* CheeseViewController.m in Sources */,
				4389935827A276D9000C1488 /* BaseViewController.m in Sources */,
				4389939327A27905000C1488 /* UIBarButtonItem+SCBarButtonItem.m in Sources */,
				43D1AB9A27A27CCB00AAEDF0 /* CreamViewController.m in Sources */,
				43975F3E27A26A79007EB47B /* main.m in Sources */,
				4389935B27A276D9000C1488 /* HealthKitManage.m in Sources */,
				4389939127A27905000C1488 /* SplitMasonry.m in Sources */,
				43D1AB9D27A27CD900AAEDF0 /* MyViewController.m in Sources */,
				4389935A27A276D9000C1488 /* CameraManage.m in Sources */,
				43D1ABA027A27CE300AAEDF0 /* LoginViewController.m in Sources */,
				4389938727A27860000C1488 /* SCUtil.m in Sources */,
				4389939227A27905000C1488 /* MBProgressHUD+SCProgressHUD.m in Sources */,
				4389935927A276D9000C1488 /* BaseNavigationController.m in Sources */,
			);
			runOnlyForDeploymentPostprocessing = 0;
		};
/* End PBXSourcesBuildPhase section */

/* Begin PBXVariantGroup section */
		43975F3427A26A77007EB47B /* Main.storyboard */ = {
			isa = PBXVariantGroup;
			children = (
				43975F3527A26A77007EB47B /* Base */,
			);
			name = Main.storyboard;
			sourceTree = "<group>";
		};
		43975F3927A26A79007EB47B /* LaunchScreen.storyboard */ = {
			isa = PBXVariantGroup;
			children = (
				43975F3A27A26A79007EB47B /* Base */,
			);
			name = LaunchScreen.storyboard;
			sourceTree = "<group>";
		};
/* End PBXVariantGroup section */

/* Begin XCBuildConfiguration section */
		43975F3F27A26A79007EB47B /* Debug */ = {
			isa = XCBuildConfiguration;
			buildSettings = {
				ALWAYS_SEARCH_USER_PATHS = NO;
				CLANG_ANALYZER_NONNULL = YES;
				CLANG_ANALYZER_NUMBER_OBJECT_CONVERSION = YES_AGGRESSIVE;
				CLANG_CXX_LANGUAGE_STANDARD = "gnu++17";
				CLANG_CXX_LIBRARY = "libc++";
				CLANG_ENABLE_MODULES = YES;
				CLANG_ENABLE_OBJC_ARC = YES;
				CLANG_ENABLE_OBJC_WEAK = YES;
				CLANG_WARN_BLOCK_CAPTURE_AUTORELEASING = YES;
				CLANG_WARN_BOOL_CONVERSION = YES;
				CLANG_WARN_COMMA = YES;
				CLANG_WARN_CONSTANT_CONVERSION = YES;
				CLANG_WARN_DEPRECATED_OBJC_IMPLEMENTATIONS = YES;
				CLANG_WARN_DIRECT_OBJC_ISA_USAGE = YES_ERROR;
				CLANG_WARN_DOCUMENTATION_COMMENTS = YES;
				CLANG_WARN_EMPTY_BODY = YES;
				CLANG_WARN_ENUM_CONVERSION = YES;
				CLANG_WARN_INFINITE_RECURSION = YES;
				CLANG_WARN_INT_CONVERSION = YES;
				CLANG_WARN_NON_LITERAL_NULL_CONVERSION = YES;
				CLANG_WARN_OBJC_IMPLICIT_RETAIN_SELF = YES;
				CLANG_WARN_OBJC_LITERAL_CONVERSION = YES;
				CLANG_WARN_OBJC_ROOT_CLASS = YES_ERROR;
				CLANG_WARN_QUOTED_INCLUDE_IN_FRAMEWORK_HEADER = YES;
				CLANG_WARN_RANGE_LOOP_ANALYSIS = YES;
				CLANG_WARN_STRICT_PROTOTYPES = YES;
				CLANG_WARN_SUSPICIOUS_MOVE = YES;
				CLANG_WARN_UNGUARDED_AVAILABILITY = YES_AGGRESSIVE;
				CLANG_WARN_UNREACHABLE_CODE = YES;
				CLANG_WARN__DUPLICATE_METHOD_MATCH = YES;
				COPY_PHASE_STRIP = NO;
				DEBUG_INFORMATION_FORMAT = dwarf;
				ENABLE_STRICT_OBJC_MSGSEND = YES;
				ENABLE_TESTABILITY = YES;
				GCC_C_LANGUAGE_STANDARD = gnu11;
				GCC_DYNAMIC_NO_PIC = NO;
				GCC_NO_COMMON_BLOCKS = YES;
				GCC_OPTIMIZATION_LEVEL = 0;
				GCC_PREPROCESSOR_DEFINITIONS = (
					"DEBUG=1",
					"$(inherited)",
				);
				GCC_WARN_64_TO_32_BIT_CONVERSION = YES;
				GCC_WARN_ABOUT_RETURN_TYPE = YES_ERROR;
				GCC_WARN_UNDECLARED_SELECTOR = YES;
				GCC_WARN_UNINITIALIZED_AUTOS = YES_AGGRESSIVE;
				GCC_WARN_UNUSED_FUNCTION = YES;
				GCC_WARN_UNUSED_VARIABLE = YES;
				IPHONEOS_DEPLOYMENT_TARGET = 15.2;
				MTL_ENABLE_DEBUG_INFO = INCLUDE_SOURCE;
				MTL_FAST_MATH = YES;
				ONLY_ACTIVE_ARCH = YES;
				SDKROOT = iphoneos;
			};
			name = Debug;
		};
		43975F4027A26A79007EB47B /* Release */ = {
			isa = XCBuildConfiguration;
			buildSettings = {
				ALWAYS_SEARCH_USER_PATHS = NO;
				CLANG_ANALYZER_NONNULL = YES;
				CLANG_ANALYZER_NUMBER_OBJECT_CONVERSION = YES_AGGRESSIVE;
				CLANG_CXX_LANGUAGE_STANDARD = "gnu++17";
				CLANG_CXX_LIBRARY = "libc++";
				CLANG_ENABLE_MODULES = YES;
				CLANG_ENABLE_OBJC_ARC = YES;
				CLANG_ENABLE_OBJC_WEAK = YES;
				CLANG_WARN_BLOCK_CAPTURE_AUTORELEASING = YES;
				CLANG_WARN_BOOL_CONVERSION = YES;
				CLANG_WARN_COMMA = YES;
				CLANG_WARN_CONSTANT_CONVERSION = YES;
				CLANG_WARN_DEPRECATED_OBJC_IMPLEMENTATIONS = YES;
				CLANG_WARN_DIRECT_OBJC_ISA_USAGE = YES_ERROR;
				CLANG_WARN_DOCUMENTATION_COMMENTS = YES;
				CLANG_WARN_EMPTY_BODY = YES;
				CLANG_WARN_ENUM_CONVERSION = YES;
				CLANG_WARN_INFINITE_RECURSION = YES;
				CLANG_WARN_INT_CONVERSION = YES;
				CLANG_WARN_NON_LITERAL_NULL_CONVERSION = YES;
				CLANG_WARN_OBJC_IMPLICIT_RETAIN_SELF = YES;
				CLANG_WARN_OBJC_LITERAL_CONVERSION = YES;
				CLANG_WARN_OBJC_ROOT_CLASS = YES_ERROR;
				CLANG_WARN_QUOTED_INCLUDE_IN_FRAMEWORK_HEADER = YES;
				CLANG_WARN_RANGE_LOOP_ANALYSIS = YES;
				CLANG_WARN_STRICT_PROTOTYPES = YES;
				CLANG_WARN_SUSPICIOUS_MOVE = YES;
				CLANG_WARN_UNGUARDED_AVAILABILITY = YES_AGGRESSIVE;
				CLANG_WARN_UNREACHABLE_CODE = YES;
				CLANG_WARN__DUPLICATE_METHOD_MATCH = YES;
				COPY_PHASE_STRIP = NO;
				DEBUG_INFORMATION_FORMAT = "dwarf-with-dsym";
				ENABLE_NS_ASSERTIONS = NO;
				ENABLE_STRICT_OBJC_MSGSEND = YES;
				GCC_C_LANGUAGE_STANDARD = gnu11;
				GCC_NO_COMMON_BLOCKS = YES;
				GCC_WARN_64_TO_32_BIT_CONVERSION = YES;
				GCC_WARN_ABOUT_RETURN_TYPE = YES_ERROR;
				GCC_WARN_UNDECLARED_SELECTOR = YES;
				GCC_WARN_UNINITIALIZED_AUTOS = YES_AGGRESSIVE;
				GCC_WARN_UNUSED_FUNCTION = YES;
				GCC_WARN_UNUSED_VARIABLE = YES;
				IPHONEOS_DEPLOYMENT_TARGET = 15.2;
				MTL_ENABLE_DEBUG_INFO = NO;
				MTL_FAST_MATH = YES;
				SDKROOT = iphoneos;
				VALIDATE_PRODUCT = YES;
			};
			name = Release;
		};
		43975F4227A26A79007EB47B /* Debug */ = {
			isa = XCBuildConfiguration;
			baseConfigurationReference = D311532739C9B99F4DAB2948 /* Pods-SCLLJ.debug.xcconfig */;
			buildSettings = {
				ASSETCATALOG_COMPILER_APPICON_NAME = AppIcon;
				ASSETCATALOG_COMPILER_GLOBAL_ACCENT_COLOR_NAME = AccentColor;
				CODE_SIGN_STYLE = Automatic;
				CURRENT_PROJECT_VERSION = 1;
				GCC_PRECOMPILE_PREFIX_HEADER = YES;
				GCC_PREFIX_HEADER = "$(SRCROOT)/SCLLJ/Prefix.pch";
				GENERATE_INFOPLIST_FILE = YES;
				INFOPLIST_FILE = SCLLJ/Info.plist;
				INFOPLIST_KEY_UIApplicationSupportsIndirectInputEvents = YES;
				INFOPLIST_KEY_UILaunchStoryboardName = LaunchScreen;
				INFOPLIST_KEY_UIMainStoryboardFile = Main;
				INFOPLIST_KEY_UISupportedInterfaceOrientations_iPad = "UIInterfaceOrientationPortrait UIInterfaceOrientationPortraitUpsideDown UIInterfaceOrientationLandscapeLeft UIInterfaceOrientationLandscapeRight";
				INFOPLIST_KEY_UISupportedInterfaceOrientations_iPhone = "UIInterfaceOrientationPortrait UIInterfaceOrientationLandscapeLeft UIInterfaceOrientationLandscapeRight";
				LD_RUNPATH_SEARCH_PATHS = (
					"$(inherited)",
					"@executable_path/Frameworks",
				);
				MARKETING_VERSION = 1.0;
				PRODUCT_BUNDLE_IDENTIFIER = None.SCLLJ;
				PRODUCT_NAME = "$(TARGET_NAME)";
				SWIFT_EMIT_LOC_STRINGS = YES;
				TARGETED_DEVICE_FAMILY = "1,2";
			};
			name = Debug;
		};
		43975F4327A26A79007EB47B /* Release */ = {
			isa = XCBuildConfiguration;
			baseConfigurationReference = FCA303A6D174376F06028EF9 /* Pods-SCLLJ.release.xcconfig */;
			buildSettings = {
				ASSETCATALOG_COMPILER_APPICON_NAME = AppIcon;
				ASSETCATALOG_COMPILER_GLOBAL_ACCENT_COLOR_NAME = AccentColor;
				CODE_SIGN_STYLE = Automatic;
				CURRENT_PROJECT_VERSION = 1;
				GCC_PRECOMPILE_PREFIX_HEADER = YES;
				GCC_PREFIX_HEADER = "$(SRCROOT)/SCLLJ/Prefix.pch";
				GENERATE_INFOPLIST_FILE = YES;
				INFOPLIST_FILE = SCLLJ/Info.plist;
				INFOPLIST_KEY_UIApplicationSupportsIndirectInputEvents = YES;
				INFOPLIST_KEY_UILaunchStoryboardName = LaunchScreen;
				INFOPLIST_KEY_UIMainStoryboardFile = Main;
				INFOPLIST_KEY_UISupportedInterfaceOrientations_iPad = "UIInterfaceOrientationPortrait UIInterfaceOrientationPortraitUpsideDown UIInterfaceOrientationLandscapeLeft UIInterfaceOrientationLandscapeRight";
				INFOPLIST_KEY_UISupportedInterfaceOrientations_iPhone = "UIInterfaceOrientationPortrait UIInterfaceOrientationLandscapeLeft UIInterfaceOrientationLandscapeRight";
				LD_RUNPATH_SEARCH_PATHS = (
					"$(inherited)",
					"@executable_path/Frameworks",
				);
				MARKETING_VERSION = 1.0;
				PRODUCT_BUNDLE_IDENTIFIER = None.SCLLJ;
				PRODUCT_NAME = "$(TARGET_NAME)";
				SWIFT_EMIT_LOC_STRINGS = YES;
				TARGETED_DEVICE_FAMILY = "1,2";
			};
			name = Release;
		};
/* End XCBuildConfiguration section */

/* Begin XCConfigurationList section */
		43975F2327A26A77007EB47B /* Build configuration list for PBXProject "SCLLJ" */ = {
			isa = XCConfigurationList;
			buildConfigurations = (
				43975F3F27A26A79007EB47B /* Debug */,
				43975F4027A26A79007EB47B /* Release */,
			);
			defaultConfigurationIsVisible = 0;
			defaultConfigurationName = Release;
		};
		43975F4127A26A79007EB47B /* Build configuration list for PBXNativeTarget "SCLLJ" */ = {
			isa = XCConfigurationList;
			buildConfigurations = (
				43975F4227A26A79007EB47B /* Debug */,
				43975F4327A26A79007EB47B /* Release */,
			);
			defaultConfigurationIsVisible = 0;
			defaultConfigurationName = Release;
		};
/* End XCConfigurationList section */
	};
	rootObject = 43975F2027A26A77007EB47B /* Project object */;
}
